
Microsoft Visual Studio Solution File, Format Version 12.00
# Visual Studio Version 16
VisualStudioVersion = 16.0.30804.86
MinimumVisualStudioVersion = 10.0.40219.1
Project("{FAE04EC0-301F-11D3-BF4B-00C04F79EFBC}") = "xf_cv_range.Android", "xf_cv_range\xf_cv_range.Android\xf_cv_range.Android.csproj", "{9DDA336A-8439-4FA8-93A4-64DE823C4BE1}"
EndProject
Project("{FAE04EC0-301F-11D3-BF4B-00C04F79EFBC}") = "xf_cv_range.iOS", "xf_cv_range\xf_cv_range.iOS\xf_cv_range.iOS.csproj", "{2D3B19C8-C7F8-4038-952B-A52FC12D65C7}"
EndProject
Project("{FAE04EC0-301F-11D3-BF4B-00C04F79EFBC}") = "xf_cv_range", "xf_cv_range\xf_cv_range\xf_cv_range.csproj", "{A4EAD29F-3E79-40A1-8831-9EE72F3115F0}"
EndProject
Global
	GlobalSection(SolutionConfigurationPlatforms) = preSolution
		Debug|Any CPU = Debug|Any CPU
		Debug|iPhone = Debug|iPhone
		Debug|iPhoneSimulator = Debug|iPhoneSimulator
		Release|Any CPU = Release|Any CPU
		Release|iPhone = Release|iPhone
		Release|iPhoneSimulator = Release|iPhoneSimulator
	EndGlobalSection
	GlobalSection(ProjectConfigurationPlatforms) = postSolution
		{9DDA336A-8439-4FA8-93A4-64DE823C4BE1}.Debug|Any CPU.ActiveCfg = Debug|Any CPU
		{9DDA336A-8439-4FA8-93A4-64DE823C4BE1}.Debug|Any CPU.Build.0 = Debug|Any CPU
		{9DDA336A-8439-4FA8-93A4-64DE823C4BE1}.Debug|Any CPU.Deploy.0 = Debug|Any CPU
		{9DDA336A-8439-4FA8-93A4-64DE823C4BE1}.Debug|iPhone.ActiveCfg = Debug|Any CPU
		{9DDA336A-8439-4FA8-93A4-64DE823C4BE1}.Debug|iPhone.Build.0 = Debug|Any CPU
		{9DDA336A-8439-4FA8-93A4-64DE823C4BE1}.Debug|iPhone.Deploy.0 = Debug|Any CPU
		{9DDA336A-8439-4FA8-93A4-64DE823C4BE1}.Debug|iPhoneSimulator.ActiveCfg = Debug|Any CPU
		{9DDA336A-8439-4FA8-93A4-64DE823C4BE1}.Debug|iPhoneSimulator.Build.0 = Debug|Any CPU
		{9DDA336A-8439-4FA8-93A4-64DE823C4BE1}.Debug|iPhoneSimulator.Deploy.0 = Debug|Any CPU
		{9DDA336A-8439-4FA8-93A4-64DE823C4BE1}.Release|Any CPU.ActiveCfg = Release|Any CPU
		{9DDA336A-8439-4FA8-93A4-64DE823C4BE1}.Release|Any CPU.Build.0 = Release|Any CPU
		{9DDA336A-8439-4FA8-93A4-64DE823C4BE1}.Release|Any CPU.Deploy.0 = Release|Any CPU
		{9DDA336A-8439-4FA8-93A4-64DE823C4BE1}.Release|iPhone.ActiveCfg = Release|Any CPU
		{9DDA336A-8439-4FA8-93A4-64DE823C4BE1}.Release|iPhone.Build.0 = Release|Any CPU
		{9DDA336A-8439-4FA8-93A4-64DE823C4BE1}.Release|iPhone.Deploy.0 = Release|Any CPU
		{9DDA336A-8439-4FA8-93A4-64DE823C4BE1}.Release|iPhoneSimulator.ActiveCfg = Release|Any CPU
		{9DDA336A-8439-4FA8-93A4-64DE823C4BE1}.Release|iPhoneSimulator.Build.0 = Release|Any CPU
		{9DDA336A-8439-4FA8-93A4-64DE823C4BE1}.Release|iPhoneSimulator.Deploy.0 = Release|Any CPU
		{2D3B19C8-C7F8-4038-952B-A52FC12D65C7}.Debug|Any CPU.ActiveCfg = Debug|iPhone
		{2D3B19C8-C7F8-4038-952B-A52FC12D65C7}.Debug|Any CPU.Build.0 = Debug|iPhone
		{2D3B19C8-C7F8-4038-952B-A52FC12D65C7}.Debug|Any CPU.Deploy.0 = Debug|iPhone
		{2D3B19C8-C7F8-4038-952B-A52FC12D65C7}.Debug|iPhone.ActiveCfg = Debug|iPhone
		{2D3B19C8-C7F8-4038-952B-A52FC12D65C7}.Debug|iPhone.Build.0 = Debug|iPhone
		{2D3B19C8-C7F8-4038-952B-A52FC12D65C7}.Debug|iPhone.Deploy.0 = Debug|iPhone
		{2D3B19C8-C7F8-4038-952B-A52FC12D65C7}.Debug|iPhoneSimulator.ActiveCfg = Debug|iPhoneSimulator
		{2D3B19C8-C7F8-4038-952B-A52FC12D65C7}.Debug|iPhoneSimulator.Build.0 = Debug|iPhoneSimulator
		{2D3B19C8-C7F8-4038-952B-A52FC12D65C7}.Debug|iPhoneSimulator.Deploy.0 = Debug|iPhoneSimulator
		{2D3B19C8-C7F8-4038-952B-A52FC12D65C7}.Release|Any CPU.ActiveCfg = Release|iPhoneSimulator
		{2D3B19C8-C7F8-4038-952B-A52FC12D65C7}.Release|Any CPU.Build.0 = Release|iPhoneSimulator
		{2D3B19C8-C7F8-4038-952B-A52FC12D65C7}.Release|Any CPU.Deploy.0 = Release|iPhoneSimulator
		{2D3B19C8-C7F8-4038-952B-A52FC12D65C7}.Release|iPhone.ActiveCfg = Release|iPhone
		{2D3B19C8-C7F8-4038-952B-A52FC12D65C7}.Release|iPhone.Build.0 = Release|iPhone
		{2D3B19C8-C7F8-4038-952B-A52FC12D65C7}.Release|iPhone.Deploy.0 = Release|iPhone
		{2D3B19C8-C7F8-4038-952B-A52FC12D65C7}.Release|iPhoneSimulator.ActiveCfg = Release|iPhoneSimulator
		{2D3B19C8-C7F8-4038-952B-A52FC12D65C7}.Release|iPhoneSimulator.Build.0 = Release|iPhoneSimulator
		{2D3B19C8-C7F8-4038-952B-A52FC12D65C7}.Release|iPhoneSimulator.Deploy.0 = Release|iPhoneSimulator
		{A4EAD29F-3E79-40A1-8831-9EE72F3115F0}.Debug|Any CPU.ActiveCfg = Debug|Any CPU
		{A4EAD29F-3E79-40A1-8831-9EE72F3115F0}.Debug|Any CPU.Build.0 = Debug|Any CPU
		{A4EAD29F-3E79-40A1-8831-9EE72F3115F0}.Debug|Any CPU.Deploy.0 = Debug|Any CPU
		{A4EAD29F-3E79-40A1-8831-9EE72F3115F0}.Debug|iPhone.ActiveCfg = Debug|Any CPU
		{A4EAD29F-3E79-40A1-8831-9EE72F3115F0}.Debug|iPhone.Build.0 = Debug|Any CPU
		{A4EAD29F-3E79-40A1-8831-9EE72F3115F0}.Debug|iPhone.Deploy.0 = Debug|Any CPU
		{A4EAD29F-3E79-40A1-8831-9EE72F3115F0}.Debug|iPhoneSimulator.ActiveCfg = Debug|Any CPU
		{A4EAD29F-3E79-40A1-8831-9EE72F3115F0}.Debug|iPhoneSimulator.Build.0 = Debug|Any CPU
		{A4EAD29F-3E79-40A1-8831-9EE72F3115F0}.Debug|iPhoneSimulator.Deploy.0 = Debug|Any CPU
		{A4EAD29F-3E79-40A1-8831-9EE72F3115F0}.Release|Any CPU.ActiveCfg = Release|Any CPU
		{A4EAD29F-3E79-40A1-8831-9EE72F3115F0}.Release|Any CPU.Build.0 = Release|Any CPU
		{A4EAD29F-3E79-40A1-8831-9EE72F3115F0}.Release|Any CPU.Deploy.0 = Release|Any CPU
		{A4EAD29F-3E79-40A1-8831-9EE72F3115F0}.Release|iPhone.ActiveCfg = Release|Any CPU
		{A4EAD29F-3E79-40A1-8831-9EE72F3115F0}.Release|iPhone.Build.0 = Release|Any CPU
		{A4EAD29F-3E79-40A1-8831-9EE72F3115F0}.Release|iPhone.Deploy.0 = Release|Any CPU
		{A4EAD29F-3E79-40A1-8831-9EE72F3115F0}.Release|iPhoneSimulator.ActiveCfg = Release|Any CPU
		{A4EAD29F-3E79-40A1-8831-9EE72F3115F0}.Release|iPhoneSimulator.Build.0 = Release|Any CPU
		{A4EAD29F-3E79-40A1-8831-9EE72F3115F0}.Release|iPhoneSimulator.Deploy.0 = Release|Any CPU
	EndGlobalSection
	GlobalSection(SolutionProperties) = preSolution
		HideSolutionNode = FALSE
	EndGlobalSection
	GlobalSection(ExtensibilityGlobals) = postSolution
		SolutionGuid = {76808851-8156-484A-A7AB-BB539D5624B2}
	EndGlobalSection
EndGlobal
